# This file is automatically @generated by Poetry 1.4.1 and should not be changed by hand.

[[package]]
name = "certifi"
version = "2022.12.7"
description = "Python package for providing Mozilla's CA Bundle."
category = "main"
optional = false
python-versions = ">=3.6"
files = [
    {file = "certifi-2022.12.7-py3-none-any.whl", hash = "sha256:4ad3232f5e926d6718ec31cfc1fcadfde020920e278684144551c91769c7bc18"},
    {file = "certifi-2022.12.7.tar.gz", hash = "sha256:35824b4c3a97115964b408844d64aa14db1cc518f6562e8d7261699d1350a9e3"},
]

[[package]]
name = "frozendict"
version = "2.3.6"
description = "A simple immutable dictionary"
category = "main"
optional = false
python-versions = ">=3.6"
files = [
    {file = "frozendict-2.3.6-cp310-cp310-macosx_10_9_x86_64.whl", hash = "sha256:2178f8cc97d4ca8736df2fea0ca18094e259db086b560e5905ecac7f0894adc5"},
    {file = "frozendict-2.3.6-cp310-cp310-manylinux_2_17_x86_64.manylinux2014_x86_64.whl", hash = "sha256:1e3255b0f33a65b558d99d067c1dbedc6f30effe66967d5b201c7fcffb20a86e"},
    {file = "frozendict-2.3.6-cp310-cp310-musllinux_1_1_x86_64.whl", hash = "sha256:8e25079fe3e11ca1360b8435f4a848c851b3c657b3ba3577a6627bfe6628705f"},
    {file = "frozendict-2.3.6-cp310-cp310-win_amd64.whl", hash = "sha256:caed7300322a47ceeaa00a311f902cbbeb7a3d1c8955487de3ea0ad618048325"},
    {file = "frozendict-2.3.6-cp36-cp36m-macosx_10_9_x86_64.whl", hash = "sha256:a31827dbe892172e1b000ffe22d577986c863e790cc7d51ba8c7fff4f44ac7cf"},
    {file = "frozendict-2.3.6-cp36-cp36m-manylinux_2_17_x86_64.manylinux2014_x86_64.whl", hash = "sha256:d73b4cca476f3d51f1b11264a41e0c3dbc20a53fb6b1d0878e01cc0b71fa16ce"},
    {file = "frozendict-2.3.6-cp36-cp36m-musllinux_1_1_x86_64.whl", hash = "sha256:1b4abc85e4788c2fe434851971a5fde4b079ed369965a21911e485dde97c08f4"},
    {file = "frozendict-2.3.6-cp36-cp36m-win_amd64.whl", hash = "sha256:9c312b6dfe6a3b6b910637442989119d38bac417486c44a0ed402a80a4f5890e"},
    {file = "frozendict-2.3.6-cp37-cp37m-macosx_10_9_x86_64.whl", hash = "sha256:a9def8ad754a405f0d982fe59e4f47bccd760ddcb472bfe0149f07410245f3d7"},
    {file = "frozendict-2.3.6-cp37-cp37m-manylinux_2_17_x86_64.manylinux2014_x86_64.whl", hash = "sha256:c8d49faff6eb3f2678dff4d3c83fcb49ccebb13d8360389a0b8941d3e1ee8a93"},
    {file = "frozendict-2.3.6-cp37-cp37m-musllinux_1_1_x86_64.whl", hash = "sha256:d310b7ea4fdfe70935d3e9193c8711689914b35300b7234137760c7cdbf257e1"},
    {file = "frozendict-2.3.6-cp37-cp37m-win_amd64.whl", hash = "sha256:63745ca9a3ffb98f7c6a742afb10cd998e8fcd4f59b40c0c7c0e5795e2092cc8"},
    {file = "frozendict-2.3.6-cp38-cp38-macosx_10_9_x86_64.whl", hash = "sha256:bd420cad2ec3223b3210c3b5a30fdc4842021ff037ae3c00e5ba6dd48731b753"},
    {file = "frozendict-2.3.6-cp38-cp38-manylinux_2_17_x86_64.manylinux2014_x86_64.whl", hash = "sha256:4ea7c9fe1661a0f4135179bc056d5d90f197df5602532d224507c301b1cbda5e"},
    {file = "frozendict-2.3.6-cp38-cp38-musllinux_1_1_x86_64.whl", hash = "sha256:6e52018dc4a8ceaabe420fba4b3c003e8c0391d2efe5c164008ff791e61471d6"},
    {file = "frozendict-2.3.6-cp38-cp38-win_amd64.whl", hash = "sha256:5b7bbbeabdafa31d7abfea68d8d532994767e56a137855f6dafdcbbc1dc924a8"},
    {file = "frozendict-2.3.6-cp39-cp39-macosx_10_9_x86_64.whl", hash = "sha256:638d056ddff3e96f288176fcd18330ee68cc38f39ee67e10e43f4ee57552ed82"},
    {file = "frozendict-2.3.6-cp39-cp39-manylinux_2_17_x86_64.manylinux2014_x86_64.whl", hash = "sha256:b722fca999b1d14e277e095214d2296e355f6f17d7727c17a4aa95882738184a"},
    {file = "frozendict-2.3.6-cp39-cp39-musllinux_1_1_x86_64.whl", hash = "sha256:9c8314f5b8812cb7bc6001595e5cc521dffe220a8789d942a3f946660cc45672"},
    {file = "frozendict-2.3.6-cp39-cp39-win_amd64.whl", hash = "sha256:d1e36e820fd2cae4e26935a4b82ccaa2eef8d347709d1c27e3b7608744f72f83"},
    {file = "frozendict-2.3.6.tar.gz", hash = "sha256:14e376fb0c8fe0b11b77872a84356dfa191b24a240be66bf5ec66d9b0d203bb8"},
]

[[package]]
name = "python-dateutil"
version = "2.7.5"
description = "Extensions to the standard Python datetime module"
category = "main"
optional = false
python-versions = ">=2.7, !=3.0.*, !=3.1.*, !=3.2.*"
files = [
    {file = "python-dateutil-2.7.5.tar.gz", hash = "sha256:88f9287c0174266bb0d8cedd395cfba9c58e87e5ad86b2ce58859bc11be3cf02"},
    {file = "python_dateutil-2.7.5-py2.py3-none-any.whl", hash = "sha256:063df5763652e21de43de7d9e00ccf239f953a832941e37be541614732cdfc93"},
]

[package.dependencies]
six = ">=1.5"

[[package]]
name = "setuptools"
version = "67.6.0"
description = "Easily download, build, install, upgrade, and uninstall Python packages"
category = "main"
optional = false
python-versions = ">=3.7"
files = [
    {file = "setuptools-67.6.0-py3-none-any.whl", hash = "sha256:b78aaa36f6b90a074c1fa651168723acbf45d14cb1196b6f02c0fd07f17623b2"},
    {file = "setuptools-67.6.0.tar.gz", hash = "sha256:2ee892cd5f29f3373097f5a814697e397cf3ce313616df0af11231e2ad118077"},
]

[package.extras]
docs = ["furo", "jaraco.packaging (>=9)", "jaraco.tidelift (>=1.4)", "pygments-github-lexers (==0.0.5)", "rst.linker (>=1.9)", "sphinx (>=3.5)", "sphinx-favicon", "sphinx-hoverxref (<2)", "sphinx-inline-tabs", "sphinx-lint", "sphinx-notfound-page (==0.8.3)", "sphinx-reredirects", "sphinxcontrib-towncrier"]
testing = ["build[virtualenv]", "filelock (>=3.4.0)", "flake8 (<5)", "flake8-2020", "ini2toml[lite] (>=0.9)", "jaraco.envs (>=2.2)", "jaraco.path (>=3.2.0)", "pip (>=19.1)", "pip-run (>=8.8)", "pytest (>=6)", "pytest-black (>=0.3.7)", "pytest-checkdocs (>=2.4)", "pytest-cov", "pytest-enabler (>=1.3)", "pytest-flake8", "pytest-mypy (>=0.9.1)", "pytest-perf", "pytest-timeout", "pytest-xdist", "tomli-w (>=1.0.0)", "virtualenv (>=13.0.0)", "wheel"]
testing-integration = ["build[virtualenv]", "filelock (>=3.4.0)", "jaraco.envs (>=2.2)", "jaraco.path (>=3.2.0)", "pytest", "pytest-enabler", "pytest-xdist", "tomli", "virtualenv (>=13.0.0)", "wheel"]

[[package]]
name = "six"
version = "1.16.0"
description = "Python 2 and 3 compatibility utilities"
category = "main"
optional = false
python-versions = ">=2.7, !=3.0.*, !=3.1.*, !=3.2.*"
files = [
    {file = "six-1.16.0-py2.py3-none-any.whl", hash = "sha256:8abb2f1d86890a2dfb989f9a77cfcfd3e47c2a354b01111771326f8aa26e0254"},
    {file = "six-1.16.0.tar.gz", hash = "sha256:1e61c37477a1626458e36f7b1d82aa5c9b094fa4802892072e49de9c60c4c926"},
]

[[package]]
name = "typing-extensions"
version = "4.3.0"
description = "Backported and Experimental Type Hints for Python 3.7+"
category = "main"
optional = false
python-versions = ">=3.7"
files = [
    {file = "typing_extensions-4.3.0-py3-none-any.whl", hash = "sha256:25642c956049920a5aa49edcdd6ab1e06d7e5d467fc00e0506c44ac86fbfca02"},
    {file = "typing_extensions-4.3.0.tar.gz", hash = "sha256:e6d2677a32f47fc7eb2795db1dd15c1f34eff616bcaf2cfb5e997f854fa1c4a6"},
]

[[package]]
name = "urllib3"
version = "1.26.15"
description = "HTTP library with thread-safe connection pooling, file post, and more."
category = "main"
optional = false
python-versions = ">=2.7, !=3.0.*, !=3.1.*, !=3.2.*, !=3.3.*, !=3.4.*, !=3.5.*"
files = [
    {file = "urllib3-1.26.15-py2.py3-none-any.whl", hash = "sha256:aa751d169e23c7479ce47a0cb0da579e3ede798f994f5816a74e4f4500dcea42"},
    {file = "urllib3-1.26.15.tar.gz", hash = "sha256:8a388717b9476f934a21484e8c8e61875ab60644d29b9b39e11e4b9dc1c6b305"},
]

[package.extras]
brotli = ["brotli (>=1.0.9)", "brotlicffi (>=0.8.0)", "brotlipy (>=0.6.0)"]
secure = ["certifi", "cryptography (>=1.3.4)", "idna (>=2.0.0)", "ipaddress", "pyOpenSSL (>=0.14)", "urllib3-secure-extra"]
socks = ["PySocks (>=1.5.6,!=1.5.7,<2.0)"]

[metadata]
lock-version = "2.0"
python-versions = "^3.8"
content-hash = "57385acddf1ef2347b75731a9c8a80d4df5a3aa231efa129aa92f6f255bfad54"
